
Microsoft Visual Studio Solution File, Format Version 12.00
# Visual Studio Version 17
VisualStudioVersion = 17.2.32630.192
MinimumVisualStudioVersion = 10.0.40219.1
Project("{00D1A9C2-B5F0-4AF3-8072-F6C62B433612}") = "SSDB", "Database1\SSDB.sqlproj", "{A4EE5B16-AF58-42E7-A736-14B3ED22F1ED}"
EndProject
Global
	GlobalSection(SolutionConfigurationPlatforms) = preSolution
		Debug|Any CPU = Debug|Any CPU
		Release|Any CPU = Release|Any CPU
	EndGlobalSection
	GlobalSection(ProjectConfigurationPlatforms) = postSolution
		{A4EE5B16-AF58-42E7-A736-14B3ED22F1ED}.Debug|Any CPU.ActiveCfg = Debug|Any CPU
		{A4EE5B16-AF58-42E7-A736-14B3ED22F1ED}.Debug|Any CPU.Build.0 = Debug|Any CPU
		{A4EE5B16-AF58-42E7-A736-14B3ED22F1ED}.Debug|Any CPU.Deploy.0 = Debug|Any CPU
		{A4EE5B16-AF58-42E7-A736-14B3ED22F1ED}.Release|Any CPU.ActiveCfg = Release|Any CPU
		{A4EE5B16-AF58-42E7-A736-14B3ED22F1ED}.Release|Any CPU.Build.0 = Release|Any CPU
		{A4EE5B16-AF58-42E7-A736-14B3ED22F1ED}.Release|Any CPU.Deploy.0 = Release|Any CPU
	EndGlobalSection
	GlobalSection(SolutionProperties) = preSolution
		HideSolutionNode = FALSE
	EndGlobalSection
	GlobalSection(ExtensibilityGlobals) = postSolution
		SolutionGuid = {C0B7EFBF-23A1-46AE-98A0-2A9CE4F25CB9}
	EndGlobalSection
EndGlobal
